
Microsoft Visual Studio Solution File, Format Version 12.00
# Visual Studio Version 16
VisualStudioVersion = 16.0.29009.5
MinimumVisualStudioVersion = 10.0.40219.1
Project("{FAE04EC0-301F-11D3-BF4B-00C04F79EFBC}") = "Analizador", "Analizador\Analizador.csproj", "{70295EEF-7758-446F-917B-CCD46FFD8859}"
EndProject
Global
	GlobalSection(SolutionConfigurationPlatforms) = preSolution
		Debug|Any CPU = Debug|Any CPU
		Release|Any CPU = Release|Any CPU
	EndGlobalSection
	GlobalSection(ProjectConfigurationPlatforms) = postSolution
		{70295EEF-7758-446F-917B-CCD46FFD8859}.Debug|Any CPU.ActiveCfg = Debug|Any CPU
		{70295EEF-7758-446F-917B-CCD46FFD8859}.Debug|Any CPU.Build.0 = Debug|Any CPU
		{70295EEF-7758-446F-917B-CCD46FFD8859}.Release|Any CPU.ActiveCfg = Release|Any CPU
		{70295EEF-7758-446F-917B-CCD46FFD8859}.Release|Any CPU.Build.0 = Release|Any CPU
	EndGlobalSection
	GlobalSection(SolutionProperties) = preSolution
		HideSolutionNode = FALSE
	EndGlobalSection
	GlobalSection(ExtensibilityGlobals) = postSolution
		SolutionGuid = {1055005B-A909-415B-9CE3-CB91E27E1EBE}
	EndGlobalSection
EndGlobal
